
Microsoft Visual Studio Solution File, Format Version 12.00
# Visual Studio Version 16
VisualStudioVersion = 16.0.30320.27
MinimumVisualStudioVersion = 10.0.40219.1
Project("{FAE04EC0-301F-11D3-BF4B-00C04F79EFBC}") = "SalaryToPay", "SalaryToPay\SalaryToPay.csproj", "{8170C887-99EF-4318-80B1-FF7A904E94B0}"
EndProject
Global
	GlobalSection(SolutionConfigurationPlatforms) = preSolution
		Debug|Any CPU = Debug|Any CPU
		Release|Any CPU = Release|Any CPU
	EndGlobalSection
	GlobalSection(ProjectConfigurationPlatforms) = postSolution
		{8170C887-99EF-4318-80B1-FF7A904E94B0}.Debug|Any CPU.ActiveCfg = Debug|Any CPU
		{8170C887-99EF-4318-80B1-FF7A904E94B0}.Debug|Any CPU.Build.0 = Debug|Any CPU
		{8170C887-99EF-4318-80B1-FF7A904E94B0}.Release|Any CPU.ActiveCfg = Release|Any CPU
		{8170C887-99EF-4318-80B1-FF7A904E94B0}.Release|Any CPU.Build.0 = Release|Any CPU
	EndGlobalSection
	GlobalSection(SolutionProperties) = preSolution
		HideSolutionNode = FALSE
	EndGlobalSection
	GlobalSection(ExtensibilityGlobals) = postSolution
		SolutionGuid = {F9613CB3-31E6-495E-8278-3087D14D0049}
	EndGlobalSection
EndGlobal
